// !$*UTF8*$!
{
	archiveVersion = 1;
	classes = {
	};
	objectVersion = 46;
	objects = {

/* Begin PBXBuildFile section */
		651A70FD1CD404EB000B4091 /* AppDelegate.swift in Sources */ = {isa = PBXBuildFile; fileRef = 651A70FC1CD404EB000B4091 /* AppDelegate.swift */; };
		651A71021CD404EB000B4091 /* Main.storyboard in Resources */ = {isa = PBXBuildFile; fileRef = 651A71001CD404EB000B4091 /* Main.storyboard */; };
		651A71041CD404EB000B4091 /* Assets.xcassets in Resources */ = {isa = PBXBuildFile; fileRef = 651A71031CD404EB000B4091 /* Assets.xcassets */; };
		651A71071CD404EB000B4091 /* LaunchScreen.storyboard in Resources */ = {isa = PBXBuildFile; fileRef = 651A71051CD404EB000B4091 /* LaunchScreen.storyboard */; };
		651A710F1CD405EB000B4091 /* AlbumsCollectionViewController.swift in Sources */ = {isa = PBXBuildFile; fileRef = 651A710E1CD405EB000B4091 /* AlbumsCollectionViewController.swift */; };
		651A71111CD40656000B4091 /* AlbumsCollectionSizeClass.swift in Sources */ = {isa = PBXBuildFile; fileRef = 651A71101CD40656000B4091 /* AlbumsCollectionSizeClass.swift */; };
		651A71131CD40688000B4091 /* AlbumCollectionViewCell.swift in Sources */ = {isa = PBXBuildFile; fileRef = 651A71121CD40688000B4091 /* AlbumCollectionViewCell.swift */; };
		651A71151CD406D8000B4091 /* AlbumsCollectionFlowLayout.swift in Sources */ = {isa = PBXBuildFile; fileRef = 651A71141CD406D8000B4091 /* AlbumsCollectionFlowLayout.swift */; };
		651A71171CD40722000B4091 /* AssetCollectionViewController.swift in Sources */ = {isa = PBXBuildFile; fileRef = 651A71161CD40722000B4091 /* AssetCollectionViewController.swift */; };
		651A71191CD4077B000B4091 /* AssetCollectionViewCell.swift in Sources */ = {isa = PBXBuildFile; fileRef = 651A71181CD4077B000B4091 /* AssetCollectionViewCell.swift */; };
		651A711B1CD407E1000B4091 /* AssetCollectionFlowLayout.swift in Sources */ = {isa = PBXBuildFile; fileRef = 651A711A1CD407E1000B4091 /* AssetCollectionFlowLayout.swift */; };
		651A711D1CD40818000B4091 /* ApplicationWindowSize.swift in Sources */ = {isa = PBXBuildFile; fileRef = 651A711C1CD40818000B4091 /* ApplicationWindowSize.swift */; };
		651A711F1CD4084D000B4091 /* CollectionViewController.swift in Sources */ = {isa = PBXBuildFile; fileRef = 651A711E1CD4084D000B4091 /* CollectionViewController.swift */; };
		651A71211CD40896000B4091 /* CGSize+Square.swift in Sources */ = {isa = PBXBuildFile; fileRef = 651A71201CD40896000B4091 /* CGSize+Square.swift */; };
		651A71231CD408B0000B4091 /* ImageGridLayout.swift in Sources */ = {isa = PBXBuildFile; fileRef = 651A71221CD408B0000B4091 /* ImageGridLayout.swift */; };
/* End PBXBuildFile section */

/* Begin PBXFileReference section */
		651A70F91CD404EB000B4091 /* ResponsiveCollectionViews.app */ = {isa = PBXFileReference; explicitFileType = wrapper.application; includeInIndex = 0; path = ResponsiveCollectionViews.app; sourceTree = BUILT_PRODUCTS_DIR; };
		651A70FC1CD404EB000B4091 /* AppDelegate.swift */ = {isa = PBXFileReference; lastKnownFileType = sourcecode.swift; path = AppDelegate.swift; sourceTree = "<group>"; };
		651A71011CD404EB000B4091 /* Base */ = {isa = PBXFileReference; lastKnownFileType = file.storyboard; name = Base; path = Base.lproj/Main.storyboard; sourceTree = "<group>"; };
		651A71031CD404EB000B4091 /* Assets.xcassets */ = {isa = PBXFileReference; lastKnownFileType = folder.assetcatalog; path = Assets.xcassets; sourceTree = "<group>"; };
		651A71061CD404EB000B4091 /* Base */ = {isa = PBXFileReference; lastKnownFileType = file.storyboard; name = Base; path = Base.lproj/LaunchScreen.storyboard; sourceTree = "<group>"; };
		651A71081CD404EB000B4091 /* Info.plist */ = {isa = PBXFileReference; lastKnownFileType = text.plist.xml; path = Info.plist; sourceTree = "<group>"; };
		651A710E1CD405EB000B4091 /* AlbumsCollectionViewController.swift */ = {isa = PBXFileReference; fileEncoding = 4; lastKnownFileType = sourcecode.swift; path = AlbumsCollectionViewController.swift; sourceTree = "<group>"; };
		651A71101CD40656000B4091 /* AlbumsCollectionSizeClass.swift */ = {isa = PBXFileReference; fileEncoding = 4; lastKnownFileType = sourcecode.swift; path = AlbumsCollectionSizeClass.swift; sourceTree = "<group>"; };
		651A71121CD40688000B4091 /* AlbumCollectionViewCell.swift */ = {isa = PBXFileReference; fileEncoding = 4; lastKnownFileType = sourcecode.swift; name = AlbumCollectionViewCell.swift; path = "../../../musevisions-trunk-ios/apps/CastPlayer/CastPlayer/Classes/ViewControllers/Albums/AlbumCollectionViewCell.swift"; sourceTree = "<group>"; };
		651A71141CD406D8000B4091 /* AlbumsCollectionFlowLayout.swift */ = {isa = PBXFileReference; fileEncoding = 4; lastKnownFileType = sourcecode.swift; path = AlbumsCollectionFlowLayout.swift; sourceTree = "<group>"; };
		651A71161CD40722000B4091 /* AssetCollectionViewController.swift */ = {isa = PBXFileReference; fileEncoding = 4; lastKnownFileType = sourcecode.swift; path = AssetCollectionViewController.swift; sourceTree = "<group>"; };
		651A71181CD4077B000B4091 /* AssetCollectionViewCell.swift */ = {isa = PBXFileReference; fileEncoding = 4; lastKnownFileType = sourcecode.swift; path = AssetCollectionViewCell.swift; sourceTree = "<group>"; };
		651A711A1CD407E1000B4091 /* AssetCollectionFlowLayout.swift */ = {isa = PBXFileReference; fileEncoding = 4; lastKnownFileType = sourcecode.swift; path = AssetCollectionFlowLayout.swift; sourceTree = "<group>"; };
		651A711C1CD40818000B4091 /* ApplicationWindowSize.swift */ = {isa = PBXFileReference; fileEncoding = 4; lastKnownFileType = sourcecode.swift; name = ApplicationWindowSize.swift; path = "../../../musevisions-trunk-ios/apps/CastPlayer/CastPlayer/Classes/Utilities/ApplicationWindowSize.swift"; sourceTree = "<group>"; };
		651A711E1CD4084D000B4091 /* CollectionViewController.swift */ = {isa = PBXFileReference; fileEncoding = 4; lastKnownFileType = sourcecode.swift; path = CollectionViewController.swift; sourceTree = "<group>"; };
		651A71201CD40896000B4091 /* CGSize+Square.swift */ = {isa = PBXFileReference; fileEncoding = 4; lastKnownFileType = sourcecode.swift; path = "CGSize+Square.swift"; sourceTree = "<group>"; };
		651A71221CD408B0000B4091 /* ImageGridLayout.swift */ = {isa = PBXFileReference; fileEncoding = 4; lastKnownFileType = sourcecode.swift; path = ImageGridLayout.swift; sourceTree = "<group>"; };
/* End PBXFileReference section */

/* Begin PBXFrameworksBuildPhase section */
		651A70F61CD404EB000B4091 /* Frameworks */ = {
			isa = PBXFrameworksBuildPhase;
			buildActionMask = 2147483647;
			files = (
			);
			runOnlyForDeploymentPostprocessing = 0;
		};
/* End PBXFrameworksBuildPhase section */

/* Begin PBXGroup section */
		651A70F01CD404EB000B4091 = {
			isa = PBXGroup;
			children = (
				651A70FB1CD404EB000B4091 /* ResponsiveCollectionViews */,
				651A70FA1CD404EB000B4091 /* Products */,
			);
			sourceTree = "<group>";
		};
		651A70FA1CD404EB000B4091 /* Products */ = {
			isa = PBXGroup;
			children = (
				651A70F91CD404EB000B4091 /* ResponsiveCollectionViews.app */,
			);
			name = Products;
			sourceTree = "<group>";
		};
		651A70FB1CD404EB000B4091 /* ResponsiveCollectionViews */ = {
			isa = PBXGroup;
			children = (
				651A711E1CD4084D000B4091 /* CollectionViewController.swift */,
				651A710E1CD405EB000B4091 /* AlbumsCollectionViewController.swift */,
				651A71141CD406D8000B4091 /* AlbumsCollectionFlowLayout.swift */,
				651A71121CD40688000B4091 /* AlbumCollectionViewCell.swift */,
				651A71101CD40656000B4091 /* AlbumsCollectionSizeClass.swift */,
				651A71161CD40722000B4091 /* AssetCollectionViewController.swift */,
				651A71181CD4077B000B4091 /* AssetCollectionViewCell.swift */,
				651A711A1CD407E1000B4091 /* AssetCollectionFlowLayout.swift */,
				651A711C1CD40818000B4091 /* ApplicationWindowSize.swift */,
				651A70FC1CD404EB000B4091 /* AppDelegate.swift */,
				651A71221CD408B0000B4091 /* ImageGridLayout.swift */,
				651A71201CD40896000B4091 /* CGSize+Square.swift */,
				651A71001CD404EB000B4091 /* Main.storyboard */,
				651A71031CD404EB000B4091 /* Assets.xcassets */,
				651A71051CD404EB000B4091 /* LaunchScreen.storyboard */,
				651A71081CD404EB000B4091 /* Info.plist */,
			);
			path = ResponsiveCollectionViews;
			sourceTree = "<group>";
		};
/* End PBXGroup section */

/* Begin PBXNativeTarget section */
		651A70F81CD404EB000B4091 /* ResponsiveCollectionViews */ = {
			isa = PBXNativeTarget;
			buildConfigurationList = 651A710B1CD404EB000B4091 /* Build configuration list for PBXNativeTarget "ResponsiveCollectionViews" */;
			buildPhases = (
				651A70F51CD404EB000B4091 /* Sources */,
				651A70F61CD404EB000B4091 /* Frameworks */,
				651A70F71CD404EB000B4091 /* Resources */,
			);
			buildRules = (
			);
			dependencies = (
			);
			name = ResponsiveCollectionViews;
			productName = ResponsiveCollectionViews;
			productReference = 651A70F91CD404EB000B4091 /* ResponsiveCollectionViews.app */;
			productType = "com.apple.product-type.application";
		};
/* End PBXNativeTarget section */

/* Begin PBXProject section */
		651A70F11CD404EB000B4091 /* Project object */ = {
			isa = PBXProject;
			attributes = {
				LastSwiftUpdateCheck = 0730;
				LastUpgradeCheck = 0730;
				ORGANIZATIONNAME = musevisions;
				TargetAttributes = {
					651A70F81CD404EB000B4091 = {
						CreatedOnToolsVersion = 7.3;
					};
				};
			};
			buildConfigurationList = 651A70F41CD404EB000B4091 /* Build configuration list for PBXProject "ResponsiveCollectionViews" */;
			compatibilityVersion = "Xcode 3.2";
			developmentRegion = English;
			hasScannedForEncodings = 0;
			knownRegions = (
				en,
				Base,
			);
			mainGroup = 651A70F01CD404EB000B4091;
			productRefGroup = 651A70FA1CD404EB000B4091 /* Products */;
			projectDirPath = "";
			projectRoot = "";
			targets = (
				651A70F81CD404EB000B4091 /* ResponsiveCollectionViews */,
			);
		};
/* End PBXProject section */

/* Begin PBXResourcesBuildPhase section */
		651A70F71CD404EB000B4091 /* Resources */ = {
			isa = PBXResourcesBuildPhase;
			buildActionMask = 2147483647;
			files = (
				651A71071CD404EB000B4091 /* LaunchScreen.storyboard in Resources */,
				651A71041CD404EB000B4091 /* Assets.xcassets in Resources */,
				651A71021CD404EB000B4091 /* Main.storyboard in Resources */,
			);
			runOnlyForDeploymentPostprocessing = 0;
		};
/* End PBXResourcesBuildPhase section */

/* Begin PBXSourcesBuildPhase section */
		651A70F51CD404EB000B4091 /* Sources */ = {
			isa = PBXSourcesBuildPhase;
			buildActionMask = 2147483647;
			files = (
				651A70FD1CD404EB000B4091 /* AppDelegate.swift in Sources */,
				651A71151CD406D8000B4091 /* AlbumsCollectionFlowLayout.swift in Sources */,
				651A710F1CD405EB000B4091 /* AlbumsCollectionViewController.swift in Sources */,
				651A71231CD408B0000B4091 /* ImageGridLayout.swift in Sources */,
				651A71111CD40656000B4091 /* AlbumsCollectionSizeClass.swift in Sources */,
				651A711B1CD407E1000B4091 /* AssetCollectionFlowLayout.swift in Sources */,
				651A711F1CD4084D000B4091 /* CollectionViewController.swift in Sources */,
				651A71191CD4077B000B4091 /* AssetCollectionViewCell.swift in Sources */,
				651A71131CD40688000B4091 /* AlbumCollectionViewCell.swift in Sources */,
				651A71171CD40722000B4091 /* AssetCollectionViewController.swift in Sources */,
				651A71211CD40896000B4091 /* CGSize+Square.swift in Sources */,
				651A711D1CD40818000B4091 /* ApplicationWindowSize.swift in Sources */,
			);
			runOnlyForDeploymentPostprocessing = 0;
		};
/* End PBXSourcesBuildPhase section */

/* Begin PBXVariantGroup section */
		651A71001CD404EB000B4091 /* Main.storyboard */ = {
			isa = PBXVariantGroup;
			children = (
				651A71011CD404EB000B4091 /* Base */,
			);
			name = Main.storyboard;
			sourceTree = "<group>";
		};
		651A71051CD404EB000B4091 /* LaunchScreen.storyboard */ = {
			isa = PBXVariantGroup;
			children = (
				651A71061CD404EB000B4091 /* Base */,
			);
			name = LaunchScreen.storyboard;
			sourceTree = "<group>";
		};
/* End PBXVariantGroup section */

/* Begin XCBuildConfiguration section */
		651A71091CD404EB000B4091 /* Debug */ = {
			isa = XCBuildConfiguration;
			buildSettings = {
				ALWAYS_SEARCH_USER_PATHS = NO;
				CLANG_ANALYZER_NONNULL = YES;
				CLANG_CXX_LANGUAGE_STANDARD = "gnu++0x";
				CLANG_CXX_LIBRARY = "libc++";
				CLANG_ENABLE_MODULES = YES;
				CLANG_ENABLE_OBJC_ARC = YES;
				CLANG_WARN_BOOL_CONVERSION = YES;
				CLANG_WARN_CONSTANT_CONVERSION = YES;
				CLANG_WARN_DIRECT_OBJC_ISA_USAGE = YES_ERROR;
				CLANG_WARN_EMPTY_BODY = YES;
				CLANG_WARN_ENUM_CONVERSION = YES;
				CLANG_WARN_INT_CONVERSION = YES;
				CLANG_WARN_OBJC_ROOT_CLASS = YES_ERROR;
				CLANG_WARN_UNREACHABLE_CODE = YES;
				CLANG_WARN__DUPLICATE_METHOD_MATCH = YES;
				"CODE_SIGN_IDENTITY[sdk=iphoneos*]" = "iPhone Developer";
				COPY_PHASE_STRIP = NO;
				DEBUG_INFORMATION_FORMAT = dwarf;
				ENABLE_STRICT_OBJC_MSGSEND = YES;
				ENABLE_TESTABILITY = YES;
				GCC_C_LANGUAGE_STANDARD = gnu99;
				GCC_DYNAMIC_NO_PIC = NO;
				GCC_NO_COMMON_BLOCKS = YES;
				GCC_OPTIMIZATION_LEVEL = 0;
				GCC_PREPROCESSOR_DEFINITIONS = (
					"DEBUG=1",
					"$(inherited)",
				);
				GCC_WARN_64_TO_32_BIT_CONVERSION = YES;
				GCC_WARN_ABOUT_RETURN_TYPE = YES_ERROR;
				GCC_WARN_UNDECLARED_SELECTOR = YES;
				GCC_WARN_UNINITIALIZED_AUTOS = YES_AGGRESSIVE;
				GCC_WARN_UNUSED_FUNCTION = YES;
				GCC_WARN_UNUSED_VARIABLE = YES;
				IPHONEOS_DEPLOYMENT_TARGET = 9.3;
				MTL_ENABLE_DEBUG_INFO = YES;
				ONLY_ACTIVE_ARCH = YES;
				SDKROOT = iphoneos;
				SWIFT_OPTIMIZATION_LEVEL = "-Onone";
				TARGETED_DEVICE_FAMILY = "1,2";
			};
			name = Debug;
		};
		651A710A1CD404EB000B4091 /* Release */ = {
			isa = XCBuildConfiguration;
			buildSettings = {
				ALWAYS_SEARCH_USER_PATHS = NO;
				CLANG_ANALYZER_NONNULL = YES;
				CLANG_CXX_LANGUAGE_STANDARD = "gnu++0x";
				CLANG_CXX_LIBRARY = "libc++";
				CLANG_ENABLE_MODULES = YES;
				CLANG_ENABLE_OBJC_ARC = YES;
				CLANG_WARN_BOOL_CONVERSION = YES;
				CLANG_WARN_CONSTANT_CONVERSION = YES;
				CLANG_WARN_DIRECT_OBJC_ISA_USAGE = YES_ERROR;
				CLANG_WARN_EMPTY_BODY = YES;
				CLANG_WARN_ENUM_CONVERSION = YES;
				CLANG_WARN_INT_CONVERSION = YES;
				CLANG_WARN_OBJC_ROOT_CLASS = YES_ERROR;
				CLANG_WARN_UNREACHABLE_CODE = YES;
				CLANG_WARN__DUPLICATE_METHOD_MATCH = YES;
				"CODE_SIGN_IDENTITY[sdk=iphoneos*]" = "iPhone Developer";
				COPY_PHASE_STRIP = NO;
				DEBUG_INFORMATION_FORMAT = "dwarf-with-dsym";
				ENABLE_NS_ASSERTIONS = NO;
				ENABLE_STRICT_OBJC_MSGSEND = YES;
				GCC_C_LANGUAGE_STANDARD = gnu99;
				GCC_NO_COMMON_BLOCKS = YES;
				GCC_WARN_64_TO_32_BIT_CONVERSION = YES;
				GCC_WARN_ABOUT_RETURN_TYPE = YES_ERROR;
				GCC_WARN_UNDECLARED_SELECTOR = YES;
				GCC_WARN_UNINITIALIZED_AUTOS = YES_AGGRESSIVE;
				GCC_WARN_UNUSED_FUNCTION = YES;
				GCC_WARN_UNUSED_VARIABLE = YES;
				IPHONEOS_DEPLOYMENT_TARGET = 9.3;
				MTL_ENABLE_DEBUG_INFO = NO;
				SDKROOT = iphoneos;
				TARGETED_DEVICE_FAMILY = "1,2";
				VALIDATE_PRODUCT = YES;
			};
			name = Release;
		};
		651A710C1CD404EB000B4091 /* Debug */ = {
			isa = XCBuildConfiguration;
			buildSettings = {
				ASSETCATALOG_COMPILER_APPICON_NAME = AppIcon;
				INFOPLIST_FILE = ResponsiveCollectionViews/Info.plist;
				LD_RUNPATH_SEARCH_PATHS = "$(inherited) @executable_path/Frameworks";
				PRODUCT_BUNDLE_IDENTIFIER = com.musevisions.iOS.ResponsiveCollectionViews;
				PRODUCT_NAME = "$(TARGET_NAME)";
			};
			name = Debug;
		};
		651A710D1CD404EB000B4091 /* Release */ = {
			isa = XCBuildConfiguration;
			buildSettings = {
				ASSETCATALOG_COMPILER_APPICON_NAME = AppIcon;
				INFOPLIST_FILE = ResponsiveCollectionViews/Info.plist;
				LD_RUNPATH_SEARCH_PATHS = "$(inherited) @executable_path/Frameworks";
				PRODUCT_BUNDLE_IDENTIFIER = com.musevisions.iOS.ResponsiveCollectionViews;
				PRODUCT_NAME = "$(TARGET_NAME)";
			};
			name = Release;
		};
/* End XCBuildConfiguration section */

/* Begin XCConfigurationList section */
		651A70F41CD404EB000B4091 /* Build configuration list for PBXProject "ResponsiveCollectionViews" */ = {
			isa = XCConfigurationList;
			buildConfigurations = (
				651A71091CD404EB000B4091 /* Debug */,
				651A710A1CD404EB000B4091 /* Release */,
			);
			defaultConfigurationIsVisible = 0;
			defaultConfigurationName = Release;
		};
		651A710B1CD404EB000B4091 /* Build configuration list for PBXNativeTarget "ResponsiveCollectionViews" */ = {
			isa = XCConfigurationList;
			buildConfigurations = (
				651A710C1CD404EB000B4091 /* Debug */,
				651A710D1CD404EB000B4091 /* Release */,
			);
			defaultConfigurationIsVisible = 0;
		};
/* End XCConfigurationList section */
	};
	rootObject = 651A70F11CD404EB000B4091 /* Project object */;
}
